
Microsoft Visual Studio Solution File, Format Version 12.00
# Visual Studio Version 16
VisualStudioVersion = 16.0.30413.136
MinimumVisualStudioVersion = 10.0.40219.1
Project("{FAE04EC0-301F-11D3-BF4B-00C04F79EFBC}") = "TPOO_1_EJ1", "TPOO_1_EJ1\TPOO_1_EJ1.csproj", "{B131C23F-6526-4C9C-89CC-550867451014}"
EndProject
Global
	GlobalSection(SolutionConfigurationPlatforms) = preSolution
		Debug|Any CPU = Debug|Any CPU
		Release|Any CPU = Release|Any CPU
	EndGlobalSection
	GlobalSection(ProjectConfigurationPlatforms) = postSolution
		{B131C23F-6526-4C9C-89CC-550867451014}.Debug|Any CPU.ActiveCfg = Debug|Any CPU
		{B131C23F-6526-4C9C-89CC-550867451014}.Debug|Any CPU.Build.0 = Debug|Any CPU
		{B131C23F-6526-4C9C-89CC-550867451014}.Release|Any CPU.ActiveCfg = Release|Any CPU
		{B131C23F-6526-4C9C-89CC-550867451014}.Release|Any CPU.Build.0 = Release|Any CPU
	EndGlobalSection
	GlobalSection(SolutionProperties) = preSolution
		HideSolutionNode = FALSE
	EndGlobalSection
	GlobalSection(ExtensibilityGlobals) = postSolution
		SolutionGuid = {C36E4944-F6AD-46D5-9CA7-1F9FAF764746}
	EndGlobalSection
EndGlobal
